
Microsoft Visual Studio Solution File, Format Version 12.00
# Visual Studio Version 17
VisualStudioVersion = 17.3.32825.248
MinimumVisualStudioVersion = 10.0.40219.1
Project("{8BC9CEB8-8B4A-11D0-8D11-00A0C91BC942}") = "scp_7777", "scp_7777.vcxproj", "{C125A33A-A633-4A5F-96B1-920BB526C453}"
EndProject
Global
	GlobalSection(SolutionConfigurationPlatforms) = preSolution
		Debug|x64 = Debug|x64
		Debug|x86 = Debug|x86
		Release|x64 = Release|x64
		Release|x86 = Release|x86
	EndGlobalSection
	GlobalSection(ProjectConfigurationPlatforms) = postSolution
		{C125A33A-A633-4A5F-96B1-920BB526C453}.Debug|x64.ActiveCfg = Debug|x64
		{C125A33A-A633-4A5F-96B1-920BB526C453}.Debug|x64.Build.0 = Debug|x64
		{C125A33A-A633-4A5F-96B1-920BB526C453}.Debug|x86.ActiveCfg = Debug|Win32
		{C125A33A-A633-4A5F-96B1-920BB526C453}.Debug|x86.Build.0 = Debug|Win32
		{C125A33A-A633-4A5F-96B1-920BB526C453}.Release|x64.ActiveCfg = Release|x64
		{C125A33A-A633-4A5F-96B1-920BB526C453}.Release|x64.Build.0 = Release|x64
		{C125A33A-A633-4A5F-96B1-920BB526C453}.Release|x86.ActiveCfg = Release|Win32
		{C125A33A-A633-4A5F-96B1-920BB526C453}.Release|x86.Build.0 = Release|Win32
	EndGlobalSection
	GlobalSection(SolutionProperties) = preSolution
		HideSolutionNode = FALSE
	EndGlobalSection
	GlobalSection(ExtensibilityGlobals) = postSolution
		SolutionGuid = {1C0EDDAD-F6DB-4A8A-9968-774A090825FF}
	EndGlobalSection
EndGlobal
